
Microsoft Visual Studio Solution File, Format Version 12.00
# Visual Studio 15
VisualStudioVersion = 15.0.27130.2027
MinimumVisualStudioVersion = 10.0.40219.1
Project("{8BC9CEB8-8B4A-11D0-8D11-00A0C91BC942}") = "Project1", "Project1\Project1.vcxproj", "{E4BD37B5-22D9-4F92-8E32-E8F987F6715C}"
EndProject
Global
	GlobalSection(SolutionConfigurationPlatforms) = preSolution
		Debug|x64 = Debug|x64
		Debug|x86 = Debug|x86
		Release|x64 = Release|x64
		Release|x86 = Release|x86
	EndGlobalSection
	GlobalSection(ProjectConfigurationPlatforms) = postSolution
		{E4BD37B5-22D9-4F92-8E32-E8F987F6715C}.Debug|x64.ActiveCfg = Debug|x64
		{E4BD37B5-22D9-4F92-8E32-E8F987F6715C}.Debug|x64.Build.0 = Debug|x64
		{E4BD37B5-22D9-4F92-8E32-E8F987F6715C}.Debug|x86.ActiveCfg = Debug|Win32
		{E4BD37B5-22D9-4F92-8E32-E8F987F6715C}.Debug|x86.Build.0 = Debug|Win32
		{E4BD37B5-22D9-4F92-8E32-E8F987F6715C}.Release|x64.ActiveCfg = Release|x64
		{E4BD37B5-22D9-4F92-8E32-E8F987F6715C}.Release|x64.Build.0 = Release|x64
		{E4BD37B5-22D9-4F92-8E32-E8F987F6715C}.Release|x86.ActiveCfg = Release|Win32
		{E4BD37B5-22D9-4F92-8E32-E8F987F6715C}.Release|x86.Build.0 = Release|Win32
	EndGlobalSection
	GlobalSection(SolutionProperties) = preSolution
		HideSolutionNode = FALSE
	EndGlobalSection
	GlobalSection(ExtensibilityGlobals) = postSolution
		SolutionGuid = {E57D56D4-30D5-429C-9F1C-9952920B1F5E}
	EndGlobalSection
EndGlobal
