
Microsoft Visual Studio Solution File, Format Version 12.00
# Visual Studio 15
VisualStudioVersion = 15.0.27130.2027
MinimumVisualStudioVersion = 10.0.40219.1
Project("{8BC9CEB8-8B4A-11D0-8D11-00A0C91BC942}") = "포켓몬스터윤상", "포켓몬스터윤상\포켓몬스터윤상.vcxproj", "{9F3EF22A-7734-4F55-A09B-3A09164A648E}"
EndProject
Global
	GlobalSection(SolutionConfigurationPlatforms) = preSolution
		Debug|x64 = Debug|x64
		Debug|x86 = Debug|x86
		Release|x64 = Release|x64
		Release|x86 = Release|x86
	EndGlobalSection
	GlobalSection(ProjectConfigurationPlatforms) = postSolution
		{9F3EF22A-7734-4F55-A09B-3A09164A648E}.Debug|x64.ActiveCfg = Debug|x64
		{9F3EF22A-7734-4F55-A09B-3A09164A648E}.Debug|x64.Build.0 = Debug|x64
		{9F3EF22A-7734-4F55-A09B-3A09164A648E}.Debug|x86.ActiveCfg = Debug|Win32
		{9F3EF22A-7734-4F55-A09B-3A09164A648E}.Debug|x86.Build.0 = Debug|Win32
		{9F3EF22A-7734-4F55-A09B-3A09164A648E}.Release|x64.ActiveCfg = Release|x64
		{9F3EF22A-7734-4F55-A09B-3A09164A648E}.Release|x64.Build.0 = Release|x64
		{9F3EF22A-7734-4F55-A09B-3A09164A648E}.Release|x86.ActiveCfg = Release|Win32
		{9F3EF22A-7734-4F55-A09B-3A09164A648E}.Release|x86.Build.0 = Release|Win32
	EndGlobalSection
	GlobalSection(SolutionProperties) = preSolution
		HideSolutionNode = FALSE
	EndGlobalSection
	GlobalSection(ExtensibilityGlobals) = postSolution
		SolutionGuid = {05D79DCD-86EB-4656-BAFE-CA9FC5EDE53D}
	EndGlobalSection
EndGlobal
