
Microsoft Visual Studio Solution File, Format Version 12.00
# Visual Studio 15
VisualStudioVersion = 15.0.27130.2027
MinimumVisualStudioVersion = 10.0.40219.1
Project("{8BC9CEB8-8B4A-11D0-8D11-00A0C91BC942}") = "포켓몬스터 최종", "포켓몬스터 최종\포켓몬스터 최종.vcxproj", "{715743FC-00B6-4DF8-B865-3FFB644EB190}"
EndProject
Global
	GlobalSection(SolutionConfigurationPlatforms) = preSolution
		Debug|x64 = Debug|x64
		Debug|x86 = Debug|x86
		Release|x64 = Release|x64
		Release|x86 = Release|x86
	EndGlobalSection
	GlobalSection(ProjectConfigurationPlatforms) = postSolution
		{715743FC-00B6-4DF8-B865-3FFB644EB190}.Debug|x64.ActiveCfg = Debug|x64
		{715743FC-00B6-4DF8-B865-3FFB644EB190}.Debug|x64.Build.0 = Debug|x64
		{715743FC-00B6-4DF8-B865-3FFB644EB190}.Debug|x86.ActiveCfg = Debug|Win32
		{715743FC-00B6-4DF8-B865-3FFB644EB190}.Debug|x86.Build.0 = Debug|Win32
		{715743FC-00B6-4DF8-B865-3FFB644EB190}.Release|x64.ActiveCfg = Release|x64
		{715743FC-00B6-4DF8-B865-3FFB644EB190}.Release|x64.Build.0 = Release|x64
		{715743FC-00B6-4DF8-B865-3FFB644EB190}.Release|x86.ActiveCfg = Release|Win32
		{715743FC-00B6-4DF8-B865-3FFB644EB190}.Release|x86.Build.0 = Release|Win32
	EndGlobalSection
	GlobalSection(SolutionProperties) = preSolution
		HideSolutionNode = FALSE
	EndGlobalSection
	GlobalSection(ExtensibilityGlobals) = postSolution
		SolutionGuid = {855096F2-5BBD-4601-9387-6F116F2952E5}
	EndGlobalSection
EndGlobal
