
Microsoft Visual Studio Solution File, Format Version 12.00
# Visual Studio 15
VisualStudioVersion = 15.0.27130.2027
MinimumVisualStudioVersion = 10.0.40219.1
Project("{8BC9CEB8-8B4A-11D0-8D11-00A0C91BC942}") = "Test", "Test\Test.vcxproj", "{FD779C4E-529A-42DD-9139-E5A0B528DCFA}"
EndProject
Global
	GlobalSection(SolutionConfigurationPlatforms) = preSolution
		Debug|x64 = Debug|x64
		Debug|x86 = Debug|x86
		Release|x64 = Release|x64
		Release|x86 = Release|x86
	EndGlobalSection
	GlobalSection(ProjectConfigurationPlatforms) = postSolution
		{FD779C4E-529A-42DD-9139-E5A0B528DCFA}.Debug|x64.ActiveCfg = Debug|x64
		{FD779C4E-529A-42DD-9139-E5A0B528DCFA}.Debug|x64.Build.0 = Debug|x64
		{FD779C4E-529A-42DD-9139-E5A0B528DCFA}.Debug|x86.ActiveCfg = Debug|Win32
		{FD779C4E-529A-42DD-9139-E5A0B528DCFA}.Debug|x86.Build.0 = Debug|Win32
		{FD779C4E-529A-42DD-9139-E5A0B528DCFA}.Release|x64.ActiveCfg = Release|x64
		{FD779C4E-529A-42DD-9139-E5A0B528DCFA}.Release|x64.Build.0 = Release|x64
		{FD779C4E-529A-42DD-9139-E5A0B528DCFA}.Release|x86.ActiveCfg = Release|Win32
		{FD779C4E-529A-42DD-9139-E5A0B528DCFA}.Release|x86.Build.0 = Release|Win32
	EndGlobalSection
	GlobalSection(SolutionProperties) = preSolution
		HideSolutionNode = FALSE
	EndGlobalSection
	GlobalSection(ExtensibilityGlobals) = postSolution
		SolutionGuid = {1802811E-61B6-4BD6-BCF7-27F3329CA3EC}
	EndGlobalSection
EndGlobal
