
Microsoft Visual Studio Solution File, Format Version 12.00
# Visual Studio 15
VisualStudioVersion = 15.0.27130.2027
MinimumVisualStudioVersion = 10.0.40219.1
Project("{8BC9CEB8-8B4A-11D0-8D11-00A0C91BC942}") = "graphics_final2", "graphics_final2\graphics_final2.vcxproj", "{84ABFE1C-E150-441B-8800-9C8AFC2547F7}"
EndProject
Global
	GlobalSection(SolutionConfigurationPlatforms) = preSolution
		Debug|x64 = Debug|x64
		Debug|x86 = Debug|x86
		Release|x64 = Release|x64
		Release|x86 = Release|x86
	EndGlobalSection
	GlobalSection(ProjectConfigurationPlatforms) = postSolution
		{84ABFE1C-E150-441B-8800-9C8AFC2547F7}.Debug|x64.ActiveCfg = Debug|x64
		{84ABFE1C-E150-441B-8800-9C8AFC2547F7}.Debug|x64.Build.0 = Debug|x64
		{84ABFE1C-E150-441B-8800-9C8AFC2547F7}.Debug|x86.ActiveCfg = Debug|Win32
		{84ABFE1C-E150-441B-8800-9C8AFC2547F7}.Debug|x86.Build.0 = Debug|Win32
		{84ABFE1C-E150-441B-8800-9C8AFC2547F7}.Release|x64.ActiveCfg = Release|x64
		{84ABFE1C-E150-441B-8800-9C8AFC2547F7}.Release|x64.Build.0 = Release|x64
		{84ABFE1C-E150-441B-8800-9C8AFC2547F7}.Release|x86.ActiveCfg = Release|Win32
		{84ABFE1C-E150-441B-8800-9C8AFC2547F7}.Release|x86.Build.0 = Release|Win32
	EndGlobalSection
	GlobalSection(SolutionProperties) = preSolution
		HideSolutionNode = FALSE
	EndGlobalSection
	GlobalSection(ExtensibilityGlobals) = postSolution
		SolutionGuid = {4EC8C99C-3B2B-4D22-8CFD-4DC72E8BC7C8}
	EndGlobalSection
EndGlobal
