
Microsoft Visual Studio Solution File, Format Version 12.00
# Visual Studio 15
VisualStudioVersion = 15.0.27130.2027
MinimumVisualStudioVersion = 10.0.40219.1
Project("{8BC9CEB8-8B4A-11D0-8D11-00A0C91BC942}") = "백준1939번", "백준1939번\백준1939번.vcxproj", "{561E2F8C-76E8-45A2-A46C-E651333CE08E}"
EndProject
Global
	GlobalSection(SolutionConfigurationPlatforms) = preSolution
		Debug|x64 = Debug|x64
		Debug|x86 = Debug|x86
		Release|x64 = Release|x64
		Release|x86 = Release|x86
	EndGlobalSection
	GlobalSection(ProjectConfigurationPlatforms) = postSolution
		{561E2F8C-76E8-45A2-A46C-E651333CE08E}.Debug|x64.ActiveCfg = Debug|x64
		{561E2F8C-76E8-45A2-A46C-E651333CE08E}.Debug|x64.Build.0 = Debug|x64
		{561E2F8C-76E8-45A2-A46C-E651333CE08E}.Debug|x86.ActiveCfg = Debug|Win32
		{561E2F8C-76E8-45A2-A46C-E651333CE08E}.Debug|x86.Build.0 = Debug|Win32
		{561E2F8C-76E8-45A2-A46C-E651333CE08E}.Release|x64.ActiveCfg = Release|x64
		{561E2F8C-76E8-45A2-A46C-E651333CE08E}.Release|x64.Build.0 = Release|x64
		{561E2F8C-76E8-45A2-A46C-E651333CE08E}.Release|x86.ActiveCfg = Release|Win32
		{561E2F8C-76E8-45A2-A46C-E651333CE08E}.Release|x86.Build.0 = Release|Win32
	EndGlobalSection
	GlobalSection(SolutionProperties) = preSolution
		HideSolutionNode = FALSE
	EndGlobalSection
	GlobalSection(ExtensibilityGlobals) = postSolution
		SolutionGuid = {880B0B1C-F952-48C6-9710-D720C746D673}
	EndGlobalSection
EndGlobal
