
Microsoft Visual Studio Solution File, Format Version 12.00
# Visual Studio 15
VisualStudioVersion = 15.0.27130.2027
MinimumVisualStudioVersion = 10.0.40219.1
Project("{8BC9CEB8-8B4A-11D0-8D11-00A0C91BC942}") = "정처기", "정처기\정처기.vcxproj", "{0B0DAD5A-274A-4F2C-A436-79417EDAB91D}"
EndProject
Global
	GlobalSection(SolutionConfigurationPlatforms) = preSolution
		Debug|x64 = Debug|x64
		Debug|x86 = Debug|x86
		Release|x64 = Release|x64
		Release|x86 = Release|x86
	EndGlobalSection
	GlobalSection(ProjectConfigurationPlatforms) = postSolution
		{0B0DAD5A-274A-4F2C-A436-79417EDAB91D}.Debug|x64.ActiveCfg = Debug|x64
		{0B0DAD5A-274A-4F2C-A436-79417EDAB91D}.Debug|x64.Build.0 = Debug|x64
		{0B0DAD5A-274A-4F2C-A436-79417EDAB91D}.Debug|x86.ActiveCfg = Debug|Win32
		{0B0DAD5A-274A-4F2C-A436-79417EDAB91D}.Debug|x86.Build.0 = Debug|Win32
		{0B0DAD5A-274A-4F2C-A436-79417EDAB91D}.Release|x64.ActiveCfg = Release|x64
		{0B0DAD5A-274A-4F2C-A436-79417EDAB91D}.Release|x64.Build.0 = Release|x64
		{0B0DAD5A-274A-4F2C-A436-79417EDAB91D}.Release|x86.ActiveCfg = Release|Win32
		{0B0DAD5A-274A-4F2C-A436-79417EDAB91D}.Release|x86.Build.0 = Release|Win32
	EndGlobalSection
	GlobalSection(SolutionProperties) = preSolution
		HideSolutionNode = FALSE
	EndGlobalSection
	GlobalSection(ExtensibilityGlobals) = postSolution
		SolutionGuid = {C1176F75-2B36-47CF-9407-92F0515D67CF}
	EndGlobalSection
EndGlobal
