
Microsoft Visual Studio Solution File, Format Version 12.00
# Visual Studio 15
VisualStudioVersion = 15.0.27130.2027
MinimumVisualStudioVersion = 10.0.40219.1
Project("{8BC9CEB8-8B4A-11D0-8D11-00A0C91BC942}") = "Project39", "Project39\Project39.vcxproj", "{5103AAF1-BD61-4078-8B54-F8ADAB6B4E22}"
EndProject
Global
	GlobalSection(SolutionConfigurationPlatforms) = preSolution
		Debug|x64 = Debug|x64
		Debug|x86 = Debug|x86
		Release|x64 = Release|x64
		Release|x86 = Release|x86
	EndGlobalSection
	GlobalSection(ProjectConfigurationPlatforms) = postSolution
		{5103AAF1-BD61-4078-8B54-F8ADAB6B4E22}.Debug|x64.ActiveCfg = Debug|x64
		{5103AAF1-BD61-4078-8B54-F8ADAB6B4E22}.Debug|x64.Build.0 = Debug|x64
		{5103AAF1-BD61-4078-8B54-F8ADAB6B4E22}.Debug|x86.ActiveCfg = Debug|Win32
		{5103AAF1-BD61-4078-8B54-F8ADAB6B4E22}.Debug|x86.Build.0 = Debug|Win32
		{5103AAF1-BD61-4078-8B54-F8ADAB6B4E22}.Release|x64.ActiveCfg = Release|x64
		{5103AAF1-BD61-4078-8B54-F8ADAB6B4E22}.Release|x64.Build.0 = Release|x64
		{5103AAF1-BD61-4078-8B54-F8ADAB6B4E22}.Release|x86.ActiveCfg = Release|Win32
		{5103AAF1-BD61-4078-8B54-F8ADAB6B4E22}.Release|x86.Build.0 = Release|Win32
	EndGlobalSection
	GlobalSection(SolutionProperties) = preSolution
		HideSolutionNode = FALSE
	EndGlobalSection
	GlobalSection(ExtensibilityGlobals) = postSolution
		SolutionGuid = {BD65E983-CFA8-4866-8FFA-B626659835F0}
	EndGlobalSection
EndGlobal
