
Microsoft Visual Studio Solution File, Format Version 12.00
# Visual Studio 15
VisualStudioVersion = 15.0.27130.2027
MinimumVisualStudioVersion = 10.0.40219.1
Project("{8BC9CEB8-8B4A-11D0-8D11-00A0C91BC942}") = "가장긴 증가하는 부분수열", "가장긴 증가하는 부분수열\가장긴 증가하는 부분수열.vcxproj", "{34C7E5A2-DFAD-45F7-B459-8F551464F369}"
EndProject
Global
	GlobalSection(SolutionConfigurationPlatforms) = preSolution
		Debug|x64 = Debug|x64
		Debug|x86 = Debug|x86
		Release|x64 = Release|x64
		Release|x86 = Release|x86
	EndGlobalSection
	GlobalSection(ProjectConfigurationPlatforms) = postSolution
		{34C7E5A2-DFAD-45F7-B459-8F551464F369}.Debug|x64.ActiveCfg = Debug|x64
		{34C7E5A2-DFAD-45F7-B459-8F551464F369}.Debug|x64.Build.0 = Debug|x64
		{34C7E5A2-DFAD-45F7-B459-8F551464F369}.Debug|x86.ActiveCfg = Debug|Win32
		{34C7E5A2-DFAD-45F7-B459-8F551464F369}.Debug|x86.Build.0 = Debug|Win32
		{34C7E5A2-DFAD-45F7-B459-8F551464F369}.Release|x64.ActiveCfg = Release|x64
		{34C7E5A2-DFAD-45F7-B459-8F551464F369}.Release|x64.Build.0 = Release|x64
		{34C7E5A2-DFAD-45F7-B459-8F551464F369}.Release|x86.ActiveCfg = Release|Win32
		{34C7E5A2-DFAD-45F7-B459-8F551464F369}.Release|x86.Build.0 = Release|Win32
	EndGlobalSection
	GlobalSection(SolutionProperties) = preSolution
		HideSolutionNode = FALSE
	EndGlobalSection
	GlobalSection(ExtensibilityGlobals) = postSolution
		SolutionGuid = {25883518-AA57-44AD-8F4E-D61B0843E653}
	EndGlobalSection
EndGlobal
