
Microsoft Visual Studio Solution File, Format Version 12.00
# Visual Studio 15
VisualStudioVersion = 15.0.27130.2027
MinimumVisualStudioVersion = 10.0.40219.1
Project("{8BC9CEB8-8B4A-11D0-8D11-00A0C91BC942}") = "Project52", "Project52\Project52.vcxproj", "{F2831F31-0EFB-458A-8885-3F314255B166}"
EndProject
Global
	GlobalSection(SolutionConfigurationPlatforms) = preSolution
		Debug|x64 = Debug|x64
		Debug|x86 = Debug|x86
		Release|x64 = Release|x64
		Release|x86 = Release|x86
	EndGlobalSection
	GlobalSection(ProjectConfigurationPlatforms) = postSolution
		{F2831F31-0EFB-458A-8885-3F314255B166}.Debug|x64.ActiveCfg = Debug|x64
		{F2831F31-0EFB-458A-8885-3F314255B166}.Debug|x64.Build.0 = Debug|x64
		{F2831F31-0EFB-458A-8885-3F314255B166}.Debug|x86.ActiveCfg = Debug|Win32
		{F2831F31-0EFB-458A-8885-3F314255B166}.Debug|x86.Build.0 = Debug|Win32
		{F2831F31-0EFB-458A-8885-3F314255B166}.Release|x64.ActiveCfg = Release|x64
		{F2831F31-0EFB-458A-8885-3F314255B166}.Release|x64.Build.0 = Release|x64
		{F2831F31-0EFB-458A-8885-3F314255B166}.Release|x86.ActiveCfg = Release|Win32
		{F2831F31-0EFB-458A-8885-3F314255B166}.Release|x86.Build.0 = Release|Win32
	EndGlobalSection
	GlobalSection(SolutionProperties) = preSolution
		HideSolutionNode = FALSE
	EndGlobalSection
	GlobalSection(ExtensibilityGlobals) = postSolution
		SolutionGuid = {0292F205-BB6E-48B8-AAD9-9F8AD2316B60}
	EndGlobalSection
EndGlobal
