
Microsoft Visual Studio Solution File, Format Version 12.00
# Visual Studio 15
VisualStudioVersion = 15.0.27130.2027
MinimumVisualStudioVersion = 10.0.40219.1
Project("{8BC9CEB8-8B4A-11D0-8D11-00A0C91BC942}") = "Project32", "Project32\Project32.vcxproj", "{B600A0C6-E8BB-4D05-BE5F-BA8022928931}"
EndProject
Global
	GlobalSection(SolutionConfigurationPlatforms) = preSolution
		Debug|x64 = Debug|x64
		Debug|x86 = Debug|x86
		Release|x64 = Release|x64
		Release|x86 = Release|x86
	EndGlobalSection
	GlobalSection(ProjectConfigurationPlatforms) = postSolution
		{B600A0C6-E8BB-4D05-BE5F-BA8022928931}.Debug|x64.ActiveCfg = Debug|x64
		{B600A0C6-E8BB-4D05-BE5F-BA8022928931}.Debug|x64.Build.0 = Debug|x64
		{B600A0C6-E8BB-4D05-BE5F-BA8022928931}.Debug|x86.ActiveCfg = Debug|Win32
		{B600A0C6-E8BB-4D05-BE5F-BA8022928931}.Debug|x86.Build.0 = Debug|Win32
		{B600A0C6-E8BB-4D05-BE5F-BA8022928931}.Release|x64.ActiveCfg = Release|x64
		{B600A0C6-E8BB-4D05-BE5F-BA8022928931}.Release|x64.Build.0 = Release|x64
		{B600A0C6-E8BB-4D05-BE5F-BA8022928931}.Release|x86.ActiveCfg = Release|Win32
		{B600A0C6-E8BB-4D05-BE5F-BA8022928931}.Release|x86.Build.0 = Release|Win32
	EndGlobalSection
	GlobalSection(SolutionProperties) = preSolution
		HideSolutionNode = FALSE
	EndGlobalSection
	GlobalSection(ExtensibilityGlobals) = postSolution
		SolutionGuid = {8C2A304D-2615-4024-B9FA-1D08D8602D73}
	EndGlobalSection
EndGlobal
