
Microsoft Visual Studio Solution File, Format Version 12.00
# Visual Studio 15
VisualStudioVersion = 15.0.27130.2027
MinimumVisualStudioVersion = 10.0.40219.1
Project("{8BC9CEB8-8B4A-11D0-8D11-00A0C91BC942}") = "Study0405-1", "Study0405-1\Study0405-1.vcxproj", "{CCBEDCE8-96B9-4031-B7C0-BA5A01ADD989}"
EndProject
Global
	GlobalSection(SolutionConfigurationPlatforms) = preSolution
		Debug|x64 = Debug|x64
		Debug|x86 = Debug|x86
		Release|x64 = Release|x64
		Release|x86 = Release|x86
	EndGlobalSection
	GlobalSection(ProjectConfigurationPlatforms) = postSolution
		{CCBEDCE8-96B9-4031-B7C0-BA5A01ADD989}.Debug|x64.ActiveCfg = Debug|x64
		{CCBEDCE8-96B9-4031-B7C0-BA5A01ADD989}.Debug|x64.Build.0 = Debug|x64
		{CCBEDCE8-96B9-4031-B7C0-BA5A01ADD989}.Debug|x86.ActiveCfg = Debug|Win32
		{CCBEDCE8-96B9-4031-B7C0-BA5A01ADD989}.Debug|x86.Build.0 = Debug|Win32
		{CCBEDCE8-96B9-4031-B7C0-BA5A01ADD989}.Release|x64.ActiveCfg = Release|x64
		{CCBEDCE8-96B9-4031-B7C0-BA5A01ADD989}.Release|x64.Build.0 = Release|x64
		{CCBEDCE8-96B9-4031-B7C0-BA5A01ADD989}.Release|x86.ActiveCfg = Release|Win32
		{CCBEDCE8-96B9-4031-B7C0-BA5A01ADD989}.Release|x86.Build.0 = Release|Win32
	EndGlobalSection
	GlobalSection(SolutionProperties) = preSolution
		HideSolutionNode = FALSE
	EndGlobalSection
	GlobalSection(ExtensibilityGlobals) = postSolution
		SolutionGuid = {F0A040F5-9D3E-46D8-9E6A-A6D4E2CBB647}
	EndGlobalSection
EndGlobal
