
Microsoft Visual Studio Solution File, Format Version 12.00
# Visual Studio 15
VisualStudioVersion = 15.0.27130.2027
MinimumVisualStudioVersion = 10.0.40219.1
Project("{8BC9CEB8-8B4A-11D0-8D11-00A0C91BC942}") = "Syudy0408-4", "Syudy0408-4\Syudy0408-4.vcxproj", "{7593EB13-F522-4900-B28D-AFA71741C1A5}"
EndProject
Global
	GlobalSection(SolutionConfigurationPlatforms) = preSolution
		Debug|x64 = Debug|x64
		Debug|x86 = Debug|x86
		Release|x64 = Release|x64
		Release|x86 = Release|x86
	EndGlobalSection
	GlobalSection(ProjectConfigurationPlatforms) = postSolution
		{7593EB13-F522-4900-B28D-AFA71741C1A5}.Debug|x64.ActiveCfg = Debug|x64
		{7593EB13-F522-4900-B28D-AFA71741C1A5}.Debug|x64.Build.0 = Debug|x64
		{7593EB13-F522-4900-B28D-AFA71741C1A5}.Debug|x86.ActiveCfg = Debug|Win32
		{7593EB13-F522-4900-B28D-AFA71741C1A5}.Debug|x86.Build.0 = Debug|Win32
		{7593EB13-F522-4900-B28D-AFA71741C1A5}.Release|x64.ActiveCfg = Release|x64
		{7593EB13-F522-4900-B28D-AFA71741C1A5}.Release|x64.Build.0 = Release|x64
		{7593EB13-F522-4900-B28D-AFA71741C1A5}.Release|x86.ActiveCfg = Release|Win32
		{7593EB13-F522-4900-B28D-AFA71741C1A5}.Release|x86.Build.0 = Release|Win32
	EndGlobalSection
	GlobalSection(SolutionProperties) = preSolution
		HideSolutionNode = FALSE
	EndGlobalSection
	GlobalSection(ExtensibilityGlobals) = postSolution
		SolutionGuid = {65B1BCD8-94F3-4FC4-890F-B4ECF456E830}
	EndGlobalSection
EndGlobal
