
Microsoft Visual Studio Solution File, Format Version 12.00
# Visual Studio 15
VisualStudioVersion = 15.0.27130.2027
MinimumVisualStudioVersion = 10.0.40219.1
Project("{8BC9CEB8-8B4A-11D0-8D11-00A0C91BC942}") = "Study0408-1", "Study0408-1\Study0408-1.vcxproj", "{0FDF4125-0863-4A89-B787-29E854B1BE00}"
EndProject
Global
	GlobalSection(SolutionConfigurationPlatforms) = preSolution
		Debug|x64 = Debug|x64
		Debug|x86 = Debug|x86
		Release|x64 = Release|x64
		Release|x86 = Release|x86
	EndGlobalSection
	GlobalSection(ProjectConfigurationPlatforms) = postSolution
		{0FDF4125-0863-4A89-B787-29E854B1BE00}.Debug|x64.ActiveCfg = Debug|x64
		{0FDF4125-0863-4A89-B787-29E854B1BE00}.Debug|x64.Build.0 = Debug|x64
		{0FDF4125-0863-4A89-B787-29E854B1BE00}.Debug|x86.ActiveCfg = Debug|Win32
		{0FDF4125-0863-4A89-B787-29E854B1BE00}.Debug|x86.Build.0 = Debug|Win32
		{0FDF4125-0863-4A89-B787-29E854B1BE00}.Release|x64.ActiveCfg = Release|x64
		{0FDF4125-0863-4A89-B787-29E854B1BE00}.Release|x64.Build.0 = Release|x64
		{0FDF4125-0863-4A89-B787-29E854B1BE00}.Release|x86.ActiveCfg = Release|Win32
		{0FDF4125-0863-4A89-B787-29E854B1BE00}.Release|x86.Build.0 = Release|Win32
	EndGlobalSection
	GlobalSection(SolutionProperties) = preSolution
		HideSolutionNode = FALSE
	EndGlobalSection
	GlobalSection(ExtensibilityGlobals) = postSolution
		SolutionGuid = {9ADD0EB5-5BB8-4A6E-9A92-5440981A0F30}
	EndGlobalSection
EndGlobal
