
Microsoft Visual Studio Solution File, Format Version 12.00
# Visual Studio 15
VisualStudioVersion = 15.0.27130.2027
MinimumVisualStudioVersion = 10.0.40219.1
Project("{8BC9CEB8-8B4A-11D0-8D11-00A0C91BC942}") = "시스템소프트웨어_텀프로젝트", "시스템소프트웨어_텀프로젝트\시스템소프트웨어_텀프로젝트.vcxproj", "{DF98E3A6-7FB3-4643-ACD5-DB472E07EE43}"
EndProject
Global
	GlobalSection(SolutionConfigurationPlatforms) = preSolution
		Debug|x64 = Debug|x64
		Debug|x86 = Debug|x86
		Release|x64 = Release|x64
		Release|x86 = Release|x86
	EndGlobalSection
	GlobalSection(ProjectConfigurationPlatforms) = postSolution
		{DF98E3A6-7FB3-4643-ACD5-DB472E07EE43}.Debug|x64.ActiveCfg = Debug|x64
		{DF98E3A6-7FB3-4643-ACD5-DB472E07EE43}.Debug|x64.Build.0 = Debug|x64
		{DF98E3A6-7FB3-4643-ACD5-DB472E07EE43}.Debug|x86.ActiveCfg = Debug|Win32
		{DF98E3A6-7FB3-4643-ACD5-DB472E07EE43}.Debug|x86.Build.0 = Debug|Win32
		{DF98E3A6-7FB3-4643-ACD5-DB472E07EE43}.Release|x64.ActiveCfg = Release|x64
		{DF98E3A6-7FB3-4643-ACD5-DB472E07EE43}.Release|x64.Build.0 = Release|x64
		{DF98E3A6-7FB3-4643-ACD5-DB472E07EE43}.Release|x86.ActiveCfg = Release|Win32
		{DF98E3A6-7FB3-4643-ACD5-DB472E07EE43}.Release|x86.Build.0 = Release|Win32
	EndGlobalSection
	GlobalSection(SolutionProperties) = preSolution
		HideSolutionNode = FALSE
	EndGlobalSection
	GlobalSection(ExtensibilityGlobals) = postSolution
		SolutionGuid = {F0358281-A590-4FED-A983-D685FF3F2F25}
	EndGlobalSection
EndGlobal
