
Microsoft Visual Studio Solution File, Format Version 12.00
# Visual Studio 15
VisualStudioVersion = 15.0.27130.2027
MinimumVisualStudioVersion = 10.0.40219.1
Project("{8BC9CEB8-8B4A-11D0-8D11-00A0C91BC942}") = "linecodingtest1", "linecodingtest1\linecodingtest1.vcxproj", "{77E47E9C-D063-4415-9058-3ED84659A2B0}"
EndProject
Global
	GlobalSection(SolutionConfigurationPlatforms) = preSolution
		Debug|x64 = Debug|x64
		Debug|x86 = Debug|x86
		Release|x64 = Release|x64
		Release|x86 = Release|x86
	EndGlobalSection
	GlobalSection(ProjectConfigurationPlatforms) = postSolution
		{77E47E9C-D063-4415-9058-3ED84659A2B0}.Debug|x64.ActiveCfg = Debug|x64
		{77E47E9C-D063-4415-9058-3ED84659A2B0}.Debug|x64.Build.0 = Debug|x64
		{77E47E9C-D063-4415-9058-3ED84659A2B0}.Debug|x86.ActiveCfg = Debug|Win32
		{77E47E9C-D063-4415-9058-3ED84659A2B0}.Debug|x86.Build.0 = Debug|Win32
		{77E47E9C-D063-4415-9058-3ED84659A2B0}.Release|x64.ActiveCfg = Release|x64
		{77E47E9C-D063-4415-9058-3ED84659A2B0}.Release|x64.Build.0 = Release|x64
		{77E47E9C-D063-4415-9058-3ED84659A2B0}.Release|x86.ActiveCfg = Release|Win32
		{77E47E9C-D063-4415-9058-3ED84659A2B0}.Release|x86.Build.0 = Release|Win32
	EndGlobalSection
	GlobalSection(SolutionProperties) = preSolution
		HideSolutionNode = FALSE
	EndGlobalSection
	GlobalSection(ExtensibilityGlobals) = postSolution
		SolutionGuid = {C0FD0A90-5646-4512-B116-3D33801F751A}
	EndGlobalSection
EndGlobal
