
Microsoft Visual Studio Solution File, Format Version 12.00
# Visual Studio 15
VisualStudioVersion = 15.0.27130.2027
MinimumVisualStudioVersion = 10.0.40219.1
Project("{8BC9CEB8-8B4A-11D0-8D11-00A0C91BC942}") = "만취한상범", "만취한상범\만취한상범.vcxproj", "{F2ED6C05-FAFF-40E2-9FA2-D818D357A425}"
EndProject
Global
	GlobalSection(SolutionConfigurationPlatforms) = preSolution
		Debug|x64 = Debug|x64
		Debug|x86 = Debug|x86
		Release|x64 = Release|x64
		Release|x86 = Release|x86
	EndGlobalSection
	GlobalSection(ProjectConfigurationPlatforms) = postSolution
		{F2ED6C05-FAFF-40E2-9FA2-D818D357A425}.Debug|x64.ActiveCfg = Debug|x64
		{F2ED6C05-FAFF-40E2-9FA2-D818D357A425}.Debug|x64.Build.0 = Debug|x64
		{F2ED6C05-FAFF-40E2-9FA2-D818D357A425}.Debug|x86.ActiveCfg = Debug|Win32
		{F2ED6C05-FAFF-40E2-9FA2-D818D357A425}.Debug|x86.Build.0 = Debug|Win32
		{F2ED6C05-FAFF-40E2-9FA2-D818D357A425}.Release|x64.ActiveCfg = Release|x64
		{F2ED6C05-FAFF-40E2-9FA2-D818D357A425}.Release|x64.Build.0 = Release|x64
		{F2ED6C05-FAFF-40E2-9FA2-D818D357A425}.Release|x86.ActiveCfg = Release|Win32
		{F2ED6C05-FAFF-40E2-9FA2-D818D357A425}.Release|x86.Build.0 = Release|Win32
	EndGlobalSection
	GlobalSection(SolutionProperties) = preSolution
		HideSolutionNode = FALSE
	EndGlobalSection
	GlobalSection(ExtensibilityGlobals) = postSolution
		SolutionGuid = {F244B868-D40B-4AE8-B8C3-6A87D7EBE022}
	EndGlobalSection
EndGlobal
